
Microsoft Visual Studio Solution File, Format Version 12.00
# Visual Studio Version 17
VisualStudioVersion = 17.13.35825.156 d17.13
MinimumVisualStudioVersion = 10.0.40219.1
Project("{FAE04EC0-301F-11D3-BF4B-00C04F79EFBC}") = "Ejercicio#1-18", "Ejercicio#1-18\Ejercicio#1-18.csproj", "{0F3FFE97-58B2-4131-B522-38E084673BC7}"
EndProject
Global
	GlobalSection(SolutionConfigurationPlatforms) = preSolution
		Debug|Any CPU = Debug|Any CPU
		Release|Any CPU = Release|Any CPU
	EndGlobalSection
	GlobalSection(ProjectConfigurationPlatforms) = postSolution
		{0F3FFE97-58B2-4131-B522-38E084673BC7}.Debug|Any CPU.ActiveCfg = Debug|Any CPU
		{0F3FFE97-58B2-4131-B522-38E084673BC7}.Debug|Any CPU.Build.0 = Debug|Any CPU
		{0F3FFE97-58B2-4131-B522-38E084673BC7}.Release|Any CPU.ActiveCfg = Release|Any CPU
		{0F3FFE97-58B2-4131-B522-38E084673BC7}.Release|Any CPU.Build.0 = Release|Any CPU
	EndGlobalSection
	GlobalSection(SolutionProperties) = preSolution
		HideSolutionNode = FALSE
	EndGlobalSection
	GlobalSection(ExtensibilityGlobals) = postSolution
		SolutionGuid = {6BF3D939-D9C9-4337-B746-5AA4EB2C5F24}
	EndGlobalSection
EndGlobal
